
Microsoft Visual Studio Solution File, Format Version 12.00
# Visual Studio Version 16
VisualStudioVersion = 16.0.31205.134
MinimumVisualStudioVersion = 10.0.40219.1
Project("{9A19103F-16F7-4668-BE54-9A1E7A4F7556}") = "Projectedu.API", "Projectedu.API\Projectedu.API.csproj", "{922AE3BD-19F1-47CC-BDD5-B5D0A45733DE}"
EndProject
Project("{00D1A9C2-B5F0-4AF3-8072-F6C62B433612}") = "Projectedu.DB", "Projectedu.DB\Projectedu.DB.sqlproj", "{10EFB256-797A-4DA9-8872-B0DC18DF68B7}"
EndProject
Project("{9A19103F-16F7-4668-BE54-9A1E7A4F7556}") = "Projectedu.DesktopUI", "Projectedu.DesktopUI\Projectedu.DesktopUI.csproj", "{8F9A797F-AE41-4D82-AFBB-51C679E3AAD5}"
EndProject
Project("{FAE04EC0-301F-11D3-BF4B-00C04F79EFBC}") = "Projectedu.API.Library", "Projectedu.API.Library\Projectedu.API.Library.csproj", "{93A30190-5906-42FD-B554-C29A5689EECB}"
EndProject
Global
	GlobalSection(SolutionConfigurationPlatforms) = preSolution
		Debug|Any CPU = Debug|Any CPU
		Release|Any CPU = Release|Any CPU
	EndGlobalSection
	GlobalSection(ProjectConfigurationPlatforms) = postSolution
		{922AE3BD-19F1-47CC-BDD5-B5D0A45733DE}.Debug|Any CPU.ActiveCfg = Debug|Any CPU
		{922AE3BD-19F1-47CC-BDD5-B5D0A45733DE}.Debug|Any CPU.Build.0 = Debug|Any CPU
		{922AE3BD-19F1-47CC-BDD5-B5D0A45733DE}.Release|Any CPU.ActiveCfg = Release|Any CPU
		{922AE3BD-19F1-47CC-BDD5-B5D0A45733DE}.Release|Any CPU.Build.0 = Release|Any CPU
		{10EFB256-797A-4DA9-8872-B0DC18DF68B7}.Debug|Any CPU.ActiveCfg = Debug|Any CPU
		{10EFB256-797A-4DA9-8872-B0DC18DF68B7}.Debug|Any CPU.Build.0 = Debug|Any CPU
		{10EFB256-797A-4DA9-8872-B0DC18DF68B7}.Debug|Any CPU.Deploy.0 = Debug|Any CPU
		{10EFB256-797A-4DA9-8872-B0DC18DF68B7}.Release|Any CPU.ActiveCfg = Release|Any CPU
		{10EFB256-797A-4DA9-8872-B0DC18DF68B7}.Release|Any CPU.Build.0 = Release|Any CPU
		{10EFB256-797A-4DA9-8872-B0DC18DF68B7}.Release|Any CPU.Deploy.0 = Release|Any CPU
		{8F9A797F-AE41-4D82-AFBB-51C679E3AAD5}.Debug|Any CPU.ActiveCfg = Debug|Any CPU
		{8F9A797F-AE41-4D82-AFBB-51C679E3AAD5}.Debug|Any CPU.Build.0 = Debug|Any CPU
		{8F9A797F-AE41-4D82-AFBB-51C679E3AAD5}.Release|Any CPU.ActiveCfg = Release|Any CPU
		{8F9A797F-AE41-4D82-AFBB-51C679E3AAD5}.Release|Any CPU.Build.0 = Release|Any CPU
		{93A30190-5906-42FD-B554-C29A5689EECB}.Debug|Any CPU.ActiveCfg = Debug|Any CPU
		{93A30190-5906-42FD-B554-C29A5689EECB}.Debug|Any CPU.Build.0 = Debug|Any CPU
		{93A30190-5906-42FD-B554-C29A5689EECB}.Release|Any CPU.ActiveCfg = Release|Any CPU
		{93A30190-5906-42FD-B554-C29A5689EECB}.Release|Any CPU.Build.0 = Release|Any CPU
	EndGlobalSection
	GlobalSection(SolutionProperties) = preSolution
		HideSolutionNode = FALSE
	EndGlobalSection
	GlobalSection(ExtensibilityGlobals) = postSolution
		SolutionGuid = {9E085D5D-DE51-4AA4-84B1-D5EBFE2238E5}
	EndGlobalSection
EndGlobal
